
Microsoft Visual Studio Solution File, Format Version 12.00
# Visual Studio Version 17
VisualStudioVersion = 17.4.33403.182
MinimumVisualStudioVersion = 10.0.40219.1
Project("{FAE04EC0-301F-11D3-BF4B-00C04F79EFBC}") = "MapperBenchmarks", "MapperBenchmarks.csproj", "{95E42B7B-E99B-4E31-A967-077592857DB9}"
EndProject
Global
	GlobalSection(SolutionConfigurationPlatforms) = preSolution
		Debug|Any CPU = Debug|Any CPU
		Release|Any CPU = Release|Any CPU
	EndGlobalSection
	GlobalSection(ProjectConfigurationPlatforms) = postSolution
		{95E42B7B-E99B-4E31-A967-077592857DB9}.Debug|Any CPU.ActiveCfg = Debug|Any CPU
		{95E42B7B-E99B-4E31-A967-077592857DB9}.Debug|Any CPU.Build.0 = Debug|Any CPU
		{95E42B7B-E99B-4E31-A967-077592857DB9}.Release|Any CPU.ActiveCfg = Release|Any CPU
		{95E42B7B-E99B-4E31-A967-077592857DB9}.Release|Any CPU.Build.0 = Release|Any CPU
	EndGlobalSection
	GlobalSection(SolutionProperties) = preSolution
		HideSolutionNode = FALSE
	EndGlobalSection
	GlobalSection(ExtensibilityGlobals) = postSolution
		SolutionGuid = {FA1814BF-2E44-460F-B106-154851D2F047}
	EndGlobalSection
EndGlobal
